{
  "object": {
    "pins": [
      {
        "package": "Evander",
        "repositoryURL": "https://github.com/elihwyma/Evander",
        "state": {
          "branch": "main",
          "revision": "8a7507622098d6b68af357560774f6ba0df9e82b",
          "version": null
        }
      }
    ]
  },
  "version": 1
}
