{
  "object": {
    "pins": [
      {
        "package": "Evander",
        "repositoryURL": "https://github.com/elihwyma/Evander",
        "state": {
          "branch": "main",
          "revision": "d8a024ad64c2c6da473b4563e568cfbfecbe4b86",
          "version": null
        }
      }
    ]
  },
  "version": 1
}
